# This file is autogenerated, do not edit; changes may be undone by the next 'dep ensure'.


[[projects]]
  name = "github.com/codegangsta/cli"
  packages = ["."]
  revision = "cfb38830724cc34fedffe9a2a29fb54fa9169cd1"
  version = "v1.20.0"

[[projects]]
  name = "github.com/uniplaces/carbon"
  packages = [
    ".",
    "lang"
  ]
  revision = "ac8e45a5852ea6b26fde38d7729b590d705c7087"
  version = "v0.1.2"

[solve-meta]
  analyzer-name = "dep"
  analyzer-version = 1
  inputs-digest = "260d5f8c486c168c1fe1627063b4abfb36329b664eebf57895b56666c53167de"
  solver-name = "gps-cdcl"
  solver-version = 1
